speakeasyVersion: 1.668.0
sources:
    PlanetScale API:
        sourceNamespace: planet-scale-api
        sourceRevisionDigest: sha256:2f972912ec6c0b0aa1ab74e5748e2a726356265c2ab1d99214718a536645ce51
        sourceBlobDigest: sha256:240d3b1508f366a4bac4002513347d706ee37cf9cd6fa7a187d13020e8a71cd8
        tags:
            - latest
            - v1
targets:
    planetscale:
        source: PlanetScale API
        sourceNamespace: planet-scale-api
        sourceRevisionDigest: sha256:2f972912ec6c0b0aa1ab74e5748e2a726356265c2ab1d99214718a536645ce51
        sourceBlobDigest: sha256:240d3b1508f366a4bac4002513347d706ee37cf9cd6fa7a187d13020e8a71cd8
workflow:
    workflowVersion: 1.0.0
    speakeasyVersion: 1.668.0
    sources:
        PlanetScale API:
            inputs:
                - location: schemas/openapi.yaml
            overlays:
                - location: schemas/overlay-terraform.yaml
                - location: schemas/overlay-terraform-branch.yaml
                - location: schemas/overlay-terraform-branch_schema.yaml
                - location: schemas/overlay-terraform-branches.yaml
                - location: schemas/overlay-terraform-database.yaml
                - location: schemas/overlay-terraform-database_default_branch.yaml
                - location: schemas/overlay-terraform-database_regions.yaml
                - location: schemas/overlay-terraform-database_read_only_regions.yaml
                - location: schemas/overlay-terraform-databases.yaml
                - location: schemas/overlay-terraform-organization.yaml
                - location: schemas/overlay-terraform-organization_cluster_size_skus.yaml
                - location: schemas/overlay-terraform-organization_regions.yaml
                - location: schemas/overlay-terraform-organizations.yaml
                - location: schemas/overlay-terraform-password.yaml
                - location: schemas/overlay-terraform-passwords.yaml
                - location: schemas/overlay-terraform-role.yaml
                - location: schemas/overlay-terraform-roles.yaml
                - location: schemas/overlay-terraform-user.yaml
            output: schemas/out.openapi.yaml
            registry:
                location: registry.speakeasyapi.dev/planetscale/dev/planet-scale-api
    targets:
        planetscale:
            target: terraform
            source: PlanetScale API
