speakeasyVersion: 1.778.0
sources:
    PlanetScale API:
        sourceNamespace: planet-scale-api
        sourceRevisionDigest: sha256:6c4084af69a453d4053d21e4900120cf8f7b8e35bd6ad1953c5d899318f9b0e2
        sourceBlobDigest: sha256:deedd3263c90d4f756f22238e2823bf1d5ed9aabf8ccf852f544b3efff048006
        tags:
            - latest
            - v1
targets:
    planetscale:
        source: PlanetScale API
        sourceNamespace: planet-scale-api
        sourceRevisionDigest: sha256:6c4084af69a453d4053d21e4900120cf8f7b8e35bd6ad1953c5d899318f9b0e2
        sourceBlobDigest: sha256:deedd3263c90d4f756f22238e2823bf1d5ed9aabf8ccf852f544b3efff048006
workflow:
    workflowVersion: 1.0.0
    speakeasyVersion: 1.778.0
    sources:
        PlanetScale API:
            inputs:
                - location: schemas/openapi.yaml
            overlays:
                - location: schemas/overlay-terraform.yaml
                - location: schemas/overlay-terraform-branches.yaml
                - location: schemas/overlay-terraform-postgres-branch.yaml
                - location: schemas/overlay-terraform-vitess-branch.yaml
                - location: schemas/overlay-terraform-vitess-branch-safe-migrations.yaml
                - location: schemas/overlay-terraform-database_vitess.yaml
                - location: schemas/overlay-terraform-database_postgres.yaml
                - location: schemas/overlay-terraform-databases.yaml
                - location: schemas/overlay-terraform-organization.yaml
                - location: schemas/overlay-terraform-organizations.yaml
                - location: schemas/overlay-terraform-postgres-branch-role.yaml
                - location: schemas/overlay-terraform-postgres-redacted-branch-role.yaml
                - location: schemas/overlay-terraform-postgres-branch-roles.yaml
                - location: schemas/overlay-terraform-vitess-branch-password.yaml
                - location: schemas/overlay-terraform-vitess-branch-passwords.yaml
                - location: schemas/overlay-terraform-backup-policies.yaml
                - location: schemas/overlay-terraform-vitess-backup-policy.yaml
                - location: schemas/overlay-terraform-postgres-backup-policy.yaml
                - location: schemas/overlay-terraform-vitess-backup-policies.yaml
                - location: schemas/overlay-terraform-postgres-backup-policies.yaml
                - location: schemas/overlay-terraform-backups.yaml
                - location: schemas/overlay-terraform-vitess-branch-backup.yaml
                - location: schemas/overlay-terraform-postgres-branch-backup.yaml
                - location: schemas/overlay-terraform-vitess-branch-backups.yaml
                - location: schemas/overlay-terraform-postgres-branch-backups.yaml
                - location: schemas/overlay-terraform-postgres-bouncer.yaml
                - location: schemas/overlay-terraform-postgres-bouncers.yaml
                - location: schemas/overlay-terraform-cleanup.yaml
            output: schemas/out.openapi.yaml
            registry:
                location: registry.speakeasyapi.dev/planetscale/dev/planet-scale-api
    targets:
        planetscale:
            target: terraform
            source: PlanetScale API
