speakeasyVersion: 1.657.0
sources:
    PlanetScale API:
        sourceNamespace: planet-scale-api
        sourceRevisionDigest: sha256:467f1738f3292e650d4cf639c5e36993d1039dacd39575ab4773ee3d24607ba4
        sourceBlobDigest: sha256:35e1b81026eb80a257ebd628d71a1375a9b7d4725e0a0a65923726ce5838b8df
        tags:
            - latest
            - v1
targets:
    planetscale:
        source: PlanetScale API
        sourceNamespace: planet-scale-api
        sourceRevisionDigest: sha256:467f1738f3292e650d4cf639c5e36993d1039dacd39575ab4773ee3d24607ba4
        sourceBlobDigest: sha256:35e1b81026eb80a257ebd628d71a1375a9b7d4725e0a0a65923726ce5838b8df
workflow:
    workflowVersion: 1.0.0
    speakeasyVersion: latest
    sources:
        PlanetScale API:
            inputs:
                - location: schemas/openapi.yaml
            overlays:
                - location: schemas/overlay-terraform.yaml
                - location: schemas/overlay-terraform-bouncer.yaml
                - location: schemas/overlay-terraform-branch.yaml
                - location: schemas/overlay-terraform-database.yaml
                - location: schemas/overlay-terraform-databases.yaml
                - location: schemas/overlay-terraform-keyspace.yaml
                - location: schemas/overlay-terraform-organization.yaml
                - location: schemas/overlay-terraform-organizations.yaml
                - location: schemas/overlay-terraform-password.yaml
                - location: schemas/overlay-terraform-query_pattern_report.yaml
                - location: schemas/overlay-terraform-role.yaml
                - location: schemas/overlay-terraform-webhook.yaml
                - location: schemas/overlay-terraform-workflow.yaml
            output: schemas/out.openapi.yaml
            registry:
                location: registry.speakeasyapi.dev/speakeasy-onboarding/onboarding/planet-scale-api
    targets:
        planetscale:
            target: terraform
            source: PlanetScale API
